// !$*UTF8*$!
{
	archiveVersion = 1;
	classes = {
	};
	objectVersion = 46;
	objects = {

/* Begin PBXBuildFile section */
		5948E4F21DAC88D600461D19 /* AppDelegate.swift in Sources */ = {isa = PBXBuildFile; fileRef = 5948E4F11DAC88D600461D19 /* AppDelegate.swift */; };
		5948E4F41DAC88D600461D19 /* ViewController.swift in Sources */ = {isa = PBXBuildFile; fileRef = 5948E4F31DAC88D600461D19 /* ViewController.swift */; };
		5948E4F71DAC88D600461D19 /* Main.storyboard in Resources */ = {isa = PBXBuildFile; fileRef = 5948E4F51DAC88D600461D19 /* Main.storyboard */; };
		5948E4F91DAC88D600461D19 /* Assets.xcassets in Resources */ = {isa = PBXBuildFile; fileRef = 5948E4F81DAC88D600461D19 /* Assets.xcassets */; };
		5948E4FC1DAC88D600461D19 /* LaunchScreen.storyboard in Resources */ = {isa = PBXBuildFile; fileRef = 5948E4FA1DAC88D600461D19 /* LaunchScreen.storyboard */; };
		5948E5071DAC88D600461D19 /* TemperatureConverter2Tests.swift in Sources */ = {isa = PBXBuildFile; fileRef = 5948E5061DAC88D600461D19 /* TemperatureConverter2Tests.swift */; };
		5948E5141DAC8CEA00461D19 /* CelsiusToFahrenheit.swift in Sources */ = {isa = PBXBuildFile; fileRef = 5948E5111DAC8CEA00461D19 /* CelsiusToFahrenheit.swift */; };
		5948E5151DAC8CEA00461D19 /* Converter.swift in Sources */ = {isa = PBXBuildFile; fileRef = 5948E5121DAC8CEA00461D19 /* Converter.swift */; };
		5948E5161DAC8CEA00461D19 /* FahrenheitToCelsius.swift in Sources */ = {isa = PBXBuildFile; fileRef = 5948E5131DAC8CEA00461D19 /* FahrenheitToCelsius.swift */; };
		5948E5181DAC8E5B00461D19 /* ConverterType.swift in Sources */ = {isa = PBXBuildFile; fileRef = 5948E5171DAC8E5B00461D19 /* ConverterType.swift */; };
/* End PBXBuildFile section */

/* Begin PBXContainerItemProxy section */
		5948E5031DAC88D600461D19 /* PBXContainerItemProxy */ = {
			isa = PBXContainerItemProxy;
			containerPortal = 5948E4E61DAC88D600461D19 /* Project object */;
			proxyType = 1;
			remoteGlobalIDString = 5948E4ED1DAC88D600461D19;
			remoteInfo = TemperatureConverter2;
		};
/* End PBXContainerItemProxy section */

/* Begin PBXFileReference section */
		5948E4EE1DAC88D600461D19 /* TemperatureConverter2.app */ = {isa = PBXFileReference; explicitFileType = wrapper.application; includeInIndex = 0; path = TemperatureConverter2.app; sourceTree = BUILT_PRODUCTS_DIR; };
		5948E4F11DAC88D600461D19 /* AppDelegate.swift */ = {isa = PBXFileReference; lastKnownFileType = sourcecode.swift; path = AppDelegate.swift; sourceTree = "<group>"; };
		5948E4F31DAC88D600461D19 /* ViewController.swift */ = {isa = PBXFileReference; lastKnownFileType = sourcecode.swift; path = ViewController.swift; sourceTree = "<group>"; };
		5948E4F61DAC88D600461D19 /* Base */ = {isa = PBXFileReference; lastKnownFileType = file.storyboard; name = Base; path = Base.lproj/Main.storyboard; sourceTree = "<group>"; };
		5948E4F81DAC88D600461D19 /* Assets.xcassets */ = {isa = PBXFileReference; lastKnownFileType = folder.assetcatalog; path = Assets.xcassets; sourceTree = "<group>"; };
		5948E4FB1DAC88D600461D19 /* Base */ = {isa = PBXFileReference; lastKnownFileType = file.storyboard; name = Base; path = Base.lproj/LaunchScreen.storyboard; sourceTree = "<group>"; };
		5948E4FD1DAC88D600461D19 /* Info.plist */ = {isa = PBXFileReference; lastKnownFileType = text.plist.xml; path = Info.plist; sourceTree = "<group>"; };
		5948E5021DAC88D600461D19 /* TemperatureConverter2Tests.xctest */ = {isa = PBXFileReference; explicitFileType = wrapper.cfbundle; includeInIndex = 0; path = TemperatureConverter2Tests.xctest; sourceTree = BUILT_PRODUCTS_DIR; };
		5948E5061DAC88D600461D19 /* TemperatureConverter2Tests.swift */ = {isa = PBXFileReference; lastKnownFileType = sourcecode.swift; path = TemperatureConverter2Tests.swift; sourceTree = "<group>"; };
		5948E5081DAC88D600461D19 /* Info.plist */ = {isa = PBXFileReference; lastKnownFileType = text.plist.xml; path = Info.plist; sourceTree = "<group>"; };
		5948E5111DAC8CEA00461D19 /* CelsiusToFahrenheit.swift */ = {isa = PBXFileReference; fileEncoding = 4; lastKnownFileType = sourcecode.swift; path = CelsiusToFahrenheit.swift; sourceTree = "<group>"; };
		5948E5121DAC8CEA00461D19 /* Converter.swift */ = {isa = PBXFileReference; fileEncoding = 4; lastKnownFileType = sourcecode.swift; path = Converter.swift; sourceTree = "<group>"; };
		5948E5131DAC8CEA00461D19 /* FahrenheitToCelsius.swift */ = {isa = PBXFileReference; fileEncoding = 4; lastKnownFileType = sourcecode.swift; path = FahrenheitToCelsius.swift; sourceTree = "<group>"; };
		5948E5171DAC8E5B00461D19 /* ConverterType.swift */ = {isa = PBXFileReference; fileEncoding = 4; lastKnownFileType = sourcecode.swift; path = ConverterType.swift; sourceTree = "<group>"; };
/* End PBXFileReference section */

/* Begin PBXFrameworksBuildPhase section */
		5948E4EB1DAC88D600461D19 /* Frameworks */ = {
			isa = PBXFrameworksBuildPhase;
			buildActionMask = 2147483647;
			files = (
			);
			runOnlyForDeploymentPostprocessing = 0;
		};
		5948E4FF1DAC88D600461D19 /* Frameworks */ = {
			isa = PBXFrameworksBuildPhase;
			buildActionMask = 2147483647;
			files = (
			);
			runOnlyForDeploymentPostprocessing = 0;
		};
/* End PBXFrameworksBuildPhase section */

/* Begin PBXGroup section */
		5948E4E51DAC88D600461D19 = {
			isa = PBXGroup;
			children = (
				5948E4F01DAC88D600461D19 /* TemperatureConverter2 */,
				5948E5051DAC88D600461D19 /* TemperatureConverter2Tests */,
				5948E4EF1DAC88D600461D19 /* Products */,
			);
			sourceTree = "<group>";
		};
		5948E4EF1DAC88D600461D19 /* Products */ = {
			isa = PBXGroup;
			children = (
				5948E4EE1DAC88D600461D19 /* TemperatureConverter2.app */,
				5948E5021DAC88D600461D19 /* TemperatureConverter2Tests.xctest */,
			);
			name = Products;
			sourceTree = "<group>";
		};
		5948E4F01DAC88D600461D19 /* TemperatureConverter2 */ = {
			isa = PBXGroup;
			children = (
				5948E5171DAC8E5B00461D19 /* ConverterType.swift */,
				5948E5111DAC8CEA00461D19 /* CelsiusToFahrenheit.swift */,
				5948E5121DAC8CEA00461D19 /* Converter.swift */,
				5948E5131DAC8CEA00461D19 /* FahrenheitToCelsius.swift */,
				5948E4F11DAC88D600461D19 /* AppDelegate.swift */,
				5948E4F31DAC88D600461D19 /* ViewController.swift */,
				5948E4F51DAC88D600461D19 /* Main.storyboard */,
				5948E4F81DAC88D600461D19 /* Assets.xcassets */,
				5948E4FA1DAC88D600461D19 /* LaunchScreen.storyboard */,
				5948E4FD1DAC88D600461D19 /* Info.plist */,
			);
			path = TemperatureConverter2;
			sourceTree = "<group>";
		};
		5948E5051DAC88D600461D19 /* TemperatureConverter2Tests */ = {
			isa = PBXGroup;
			children = (
				5948E5061DAC88D600461D19 /* TemperatureConverter2Tests.swift */,
				5948E5081DAC88D600461D19 /* Info.plist */,
			);
			path = TemperatureConverter2Tests;
			sourceTree = "<group>";
		};
/* End PBXGroup section */

/* Begin PBXNativeTarget section */
		5948E4ED1DAC88D600461D19 /* TemperatureConverter2 */ = {
			isa = PBXNativeTarget;
			buildConfigurationList = 5948E50B1DAC88D600461D19 /* Build configuration list for PBXNativeTarget "TemperatureConverter2" */;
			buildPhases = (
				5948E4EA1DAC88D600461D19 /* Sources */,
				5948E4EB1DAC88D600461D19 /* Frameworks */,
				5948E4EC1DAC88D600461D19 /* Resources */,
			);
			buildRules = (
			);
			dependencies = (
			);
			name = TemperatureConverter2;
			productName = TemperatureConverter2;
			productReference = 5948E4EE1DAC88D600461D19 /* TemperatureConverter2.app */;
			productType = "com.apple.product-type.application";
		};
		5948E5011DAC88D600461D19 /* TemperatureConverter2Tests */ = {
			isa = PBXNativeTarget;
			buildConfigurationList = 5948E50E1DAC88D600461D19 /* Build configuration list for PBXNativeTarget "TemperatureConverter2Tests" */;
			buildPhases = (
				5948E4FE1DAC88D600461D19 /* Sources */,
				5948E4FF1DAC88D600461D19 /* Frameworks */,
				5948E5001DAC88D600461D19 /* Resources */,
			);
			buildRules = (
			);
			dependencies = (
				5948E5041DAC88D600461D19 /* PBXTargetDependency */,
			);
			name = TemperatureConverter2Tests;
			productName = TemperatureConverter2Tests;
			productReference = 5948E5021DAC88D600461D19 /* TemperatureConverter2Tests.xctest */;
			productType = "com.apple.product-type.bundle.unit-test";
		};
/* End PBXNativeTarget section */

/* Begin PBXProject section */
		5948E4E61DAC88D600461D19 /* Project object */ = {
			isa = PBXProject;
			attributes = {
				LastSwiftUpdateCheck = 0730;
				LastUpgradeCheck = 0730;
				ORGANIZATIONNAME = DaesubKim;
				TargetAttributes = {
					5948E4ED1DAC88D600461D19 = {
						CreatedOnToolsVersion = 7.3.1;
						DevelopmentTeam = NE9YAC47HN;
					};
					5948E5011DAC88D600461D19 = {
						CreatedOnToolsVersion = 7.3.1;
						DevelopmentTeam = NE9YAC47HN;
						TestTargetID = 5948E4ED1DAC88D600461D19;
					};
				};
			};
			buildConfigurationList = 5948E4E91DAC88D600461D19 /* Build configuration list for PBXProject "TemperatureConverter2" */;
			compatibilityVersion = "Xcode 3.2";
			developmentRegion = English;
			hasScannedForEncodings = 0;
			knownRegions = (
				en,
				Base,
			);
			mainGroup = 5948E4E51DAC88D600461D19;
			productRefGroup = 5948E4EF1DAC88D600461D19 /* Products */;
			projectDirPath = "";
			projectRoot = "";
			targets = (
				5948E4ED1DAC88D600461D19 /* TemperatureConverter2 */,
				5948E5011DAC88D600461D19 /* TemperatureConverter2Tests */,
			);
		};
/* End PBXProject section */

/* Begin PBXResourcesBuildPhase section */
		5948E4EC1DAC88D600461D19 /* Resources */ = {
			isa = PBXResourcesBuildPhase;
			buildActionMask = 2147483647;
			files = (
				5948E4FC1DAC88D600461D19 /* LaunchScreen.storyboard in Resources */,
				5948E4F91DAC88D600461D19 /* Assets.xcassets in Resources */,
				5948E4F71DAC88D600461D19 /* Main.storyboard in Resources */,
			);
			runOnlyForDeploymentPostprocessing = 0;
		};
		5948E5001DAC88D600461D19 /* Resources */ = {
			isa = PBXResourcesBuildPhase;
			buildActionMask = 2147483647;
			files = (
			);
			runOnlyForDeploymentPostprocessing = 0;
		};
/* End PBXResourcesBuildPhase section */

/* Begin PBXSourcesBuildPhase section */
		5948E4EA1DAC88D600461D19 /* Sources */ = {
			isa = PBXSourcesBuildPhase;
			buildActionMask = 2147483647;
			files = (
				5948E5161DAC8CEA00461D19 /* FahrenheitToCelsius.swift in Sources */,
				5948E4F41DAC88D600461D19 /* ViewController.swift in Sources */,
				5948E5141DAC8CEA00461D19 /* CelsiusToFahrenheit.swift in Sources */,
				5948E5151DAC8CEA00461D19 /* Converter.swift in Sources */,
				5948E5181DAC8E5B00461D19 /* ConverterType.swift in Sources */,
				5948E4F21DAC88D600461D19 /* AppDelegate.swift in Sources */,
			);
			runOnlyForDeploymentPostprocessing = 0;
		};
		5948E4FE1DAC88D600461D19 /* Sources */ = {
			isa = PBXSourcesBuildPhase;
			buildActionMask = 2147483647;
			files = (
				5948E5071DAC88D600461D19 /* TemperatureConverter2Tests.swift in Sources */,
			);
			runOnlyForDeploymentPostprocessing = 0;
		};
/* End PBXSourcesBuildPhase section */

/* Begin PBXTargetDependency section */
		5948E5041DAC88D600461D19 /* PBXTargetDependency */ = {
			isa = PBXTargetDependency;
			target = 5948E4ED1DAC88D600461D19 /* TemperatureConverter2 */;
			targetProxy = 5948E5031DAC88D600461D19 /* PBXContainerItemProxy */;
		};
/* End PBXTargetDependency section */

/* Begin PBXVariantGroup section */
		5948E4F51DAC88D600461D19 /* Main.storyboard */ = {
			isa = PBXVariantGroup;
			children = (
				5948E4F61DAC88D600461D19 /* Base */,
			);
			name = Main.storyboard;
			sourceTree = "<group>";
		};
		5948E4FA1DAC88D600461D19 /* LaunchScreen.storyboard */ = {
			isa = PBXVariantGroup;
			children = (
				5948E4FB1DAC88D600461D19 /* Base */,
			);
			name = LaunchScreen.storyboard;
			sourceTree = "<group>";
		};
/* End PBXVariantGroup section */

/* Begin XCBuildConfiguration section */
		5948E5091DAC88D600461D19 /* Debug */ = {
			isa = XCBuildConfiguration;
			buildSettings = {
				ALWAYS_SEARCH_USER_PATHS = NO;
				CLANG_ANALYZER_NONNULL = YES;
				CLANG_CXX_LANGUAGE_STANDARD = "gnu++0x";
				CLANG_CXX_LIBRARY = "libc++";
				CLANG_ENABLE_MODULES = YES;
				CLANG_ENABLE_OBJC_ARC = YES;
				CLANG_WARN_BOOL_CONVERSION = YES;
				CLANG_WARN_CONSTANT_CONVERSION = YES;
				CLANG_WARN_DIRECT_OBJC_ISA_USAGE = YES_ERROR;
				CLANG_WARN_EMPTY_BODY = YES;
				CLANG_WARN_ENUM_CONVERSION = YES;
				CLANG_WARN_INT_CONVERSION = YES;
				CLANG_WARN_OBJC_ROOT_CLASS = YES_ERROR;
				CLANG_WARN_UNREACHABLE_CODE = YES;
				CLANG_WARN__DUPLICATE_METHOD_MATCH = YES;
				"CODE_SIGN_IDENTITY[sdk=iphoneos*]" = "iPhone Developer";
				COPY_PHASE_STRIP = NO;
				DEBUG_INFORMATION_FORMAT = dwarf;
				ENABLE_STRICT_OBJC_MSGSEND = YES;
				ENABLE_TESTABILITY = YES;
				GCC_C_LANGUAGE_STANDARD = gnu99;
				GCC_DYNAMIC_NO_PIC = NO;
				GCC_NO_COMMON_BLOCKS = YES;
				GCC_OPTIMIZATION_LEVEL = 0;
				GCC_PREPROCESSOR_DEFINITIONS = (
					"DEBUG=1",
					"$(inherited)",
				);
				GCC_WARN_64_TO_32_BIT_CONVERSION = YES;
				GCC_WARN_ABOUT_RETURN_TYPE = YES_ERROR;
				GCC_WARN_UNDECLARED_SELECTOR = YES;
				GCC_WARN_UNINITIALIZED_AUTOS = YES_AGGRESSIVE;
				GCC_WARN_UNUSED_FUNCTION = YES;
				GCC_WARN_UNUSED_VARIABLE = YES;
				IPHONEOS_DEPLOYMENT_TARGET = 9.3;
				MTL_ENABLE_DEBUG_INFO = YES;
				ONLY_ACTIVE_ARCH = YES;
				SDKROOT = iphoneos;
				SWIFT_OPTIMIZATION_LEVEL = "-Onone";
			};
			name = Debug;
		};
		5948E50A1DAC88D600461D19 /* Release */ = {
			isa = XCBuildConfiguration;
			buildSettings = {
				ALWAYS_SEARCH_USER_PATHS = NO;
				CLANG_ANALYZER_NONNULL = YES;
				CLANG_CXX_LANGUAGE_STANDARD = "gnu++0x";
				CLANG_CXX_LIBRARY = "libc++";
				CLANG_ENABLE_MODULES = YES;
				CLANG_ENABLE_OBJC_ARC = YES;
				CLANG_WARN_BOOL_CONVERSION = YES;
				CLANG_WARN_CONSTANT_CONVERSION = YES;
				CLANG_WARN_DIRECT_OBJC_ISA_USAGE = YES_ERROR;
				CLANG_WARN_EMPTY_BODY = YES;
				CLANG_WARN_ENUM_CONVERSION = YES;
				CLANG_WARN_INT_CONVERSION = YES;
				CLANG_WARN_OBJC_ROOT_CLASS = YES_ERROR;
				CLANG_WARN_UNREACHABLE_CODE = YES;
				CLANG_WARN__DUPLICATE_METHOD_MATCH = YES;
				"CODE_SIGN_IDENTITY[sdk=iphoneos*]" = "iPhone Developer";
				COPY_PHASE_STRIP = NO;
				DEBUG_INFORMATION_FORMAT = "dwarf-with-dsym";
				ENABLE_NS_ASSERTIONS = NO;
				ENABLE_STRICT_OBJC_MSGSEND = YES;
				GCC_C_LANGUAGE_STANDARD = gnu99;
				GCC_NO_COMMON_BLOCKS = YES;
				GCC_WARN_64_TO_32_BIT_CONVERSION = YES;
				GCC_WARN_ABOUT_RETURN_TYPE = YES_ERROR;
				GCC_WARN_UNDECLARED_SELECTOR = YES;
				GCC_WARN_UNINITIALIZED_AUTOS = YES_AGGRESSIVE;
				GCC_WARN_UNUSED_FUNCTION = YES;
				GCC_WARN_UNUSED_VARIABLE = YES;
				IPHONEOS_DEPLOYMENT_TARGET = 9.3;
				MTL_ENABLE_DEBUG_INFO = NO;
				SDKROOT = iphoneos;
				VALIDATE_PRODUCT = YES;
			};
			name = Release;
		};
		5948E50C1DAC88D600461D19 /* Debug */ = {
			isa = XCBuildConfiguration;
			buildSettings = {
				ASSETCATALOG_COMPILER_APPICON_NAME = AppIcon;
				INFOPLIST_FILE = TemperatureConverter2/Info.plist;
				LD_RUNPATH_SEARCH_PATHS = "$(inherited) @executable_path/Frameworks";
				PRODUCT_BUNDLE_IDENTIFIER = com.daesub.TemperatureConverter2;
				PRODUCT_NAME = "$(TARGET_NAME)";
			};
			name = Debug;
		};
		5948E50D1DAC88D600461D19 /* Release */ = {
			isa = XCBuildConfiguration;
			buildSettings = {
				ASSETCATALOG_COMPILER_APPICON_NAME = AppIcon;
				INFOPLIST_FILE = TemperatureConverter2/Info.plist;
				LD_RUNPATH_SEARCH_PATHS = "$(inherited) @executable_path/Frameworks";
				PRODUCT_BUNDLE_IDENTIFIER = com.daesub.TemperatureConverter2;
				PRODUCT_NAME = "$(TARGET_NAME)";
			};
			name = Release;
		};
		5948E50F1DAC88D600461D19 /* Debug */ = {
			isa = XCBuildConfiguration;
			buildSettings = {
				BUNDLE_LOADER = "$(TEST_HOST)";
				INFOPLIST_FILE = TemperatureConverter2Tests/Info.plist;
				LD_RUNPATH_SEARCH_PATHS = "$(inherited) @executable_path/Frameworks @loader_path/Frameworks";
				PRODUCT_BUNDLE_IDENTIFIER = com.daesub.TemperatureConverter2Tests;
				PRODUCT_NAME = "$(TARGET_NAME)";
				TEST_HOST = "$(BUILT_PRODUCTS_DIR)/TemperatureConverter2.app/TemperatureConverter2";
			};
			name = Debug;
		};
		5948E5101DAC88D600461D19 /* Release */ = {
			isa = XCBuildConfiguration;
			buildSettings = {
				BUNDLE_LOADER = "$(TEST_HOST)";
				INFOPLIST_FILE = TemperatureConverter2Tests/Info.plist;
				LD_RUNPATH_SEARCH_PATHS = "$(inherited) @executable_path/Frameworks @loader_path/Frameworks";
				PRODUCT_BUNDLE_IDENTIFIER = com.daesub.TemperatureConverter2Tests;
				PRODUCT_NAME = "$(TARGET_NAME)";
				TEST_HOST = "$(BUILT_PRODUCTS_DIR)/TemperatureConverter2.app/TemperatureConverter2";
			};
			name = Release;
		};
/* End XCBuildConfiguration section */

/* Begin XCConfigurationList section */
		5948E4E91DAC88D600461D19 /* Build configuration list for PBXProject "TemperatureConverter2" */ = {
			isa = XCConfigurationList;
			buildConfigurations = (
				5948E5091DAC88D600461D19 /* Debug */,
				5948E50A1DAC88D600461D19 /* Release */,
			);
			defaultConfigurationIsVisible = 0;
			defaultConfigurationName = Release;
		};
		5948E50B1DAC88D600461D19 /* Build configuration list for PBXNativeTarget "TemperatureConverter2" */ = {
			isa = XCConfigurationList;
			buildConfigurations = (
				5948E50C1DAC88D600461D19 /* Debug */,
				5948E50D1DAC88D600461D19 /* Release */,
			);
			defaultConfigurationIsVisible = 0;
		};
		5948E50E1DAC88D600461D19 /* Build configuration list for PBXNativeTarget "TemperatureConverter2Tests" */ = {
			isa = XCConfigurationList;
			buildConfigurations = (
				5948E50F1DAC88D600461D19 /* Debug */,
				5948E5101DAC88D600461D19 /* Release */,
			);
			defaultConfigurationIsVisible = 0;
		};
/* End XCConfigurationList section */
	};
	rootObject = 5948E4E61DAC88D600461D19 /* Project object */;
}
